// !$*UTF8*$!
{
	archiveVersion = 1;
	classes = {
	};
	objectVersion = 46;
	objects = {

/* Begin PBXBuildFile section */
		4A00CDAB1380407600B9E407 /* BSDProcessList.c in Sources */ = {isa = PBXBuildFile; fileRef = 4A00CDA91380407600B9E407 /* BSDProcessList.c */; };
		4A61DFDE138202910034676D /* AuthorizationPlugins.m in Sources */ = {isa = PBXBuildFile; fileRef = 4A61DFDD138202910034676D /* AuthorizationPlugins.m */; };
		4A6AA56F13836AA700953A83 /* CoreServices.framework in Frameworks */ = {isa = PBXBuildFile; fileRef = 4A6AA56E13836AA700953A83 /* CoreServices.framework */; };
		4A7E3BAE13A3D6520048090B /* VATableView.m in Sources */ = {isa = PBXBuildFile; fileRef = 4A7E3BAD13A3D6520048090B /* VATableView.m */; };
		4A8BC5AF13852537005E60BB /* mach.plist in Resources */ = {isa = PBXBuildFile; fileRef = 4A8BC5AB13852537005E60BB /* mach.plist */; };
		4AC69B41138777D80078C350 /* DetailsDataSource.m in Sources */ = {isa = PBXBuildFile; fileRef = 4AC69B40138777D80078C350 /* DetailsDataSource.m */; };
		4AD41A541378023E00C3A800 /* Cocoa.framework in Frameworks */ = {isa = PBXBuildFile; fileRef = 4AD41A531378023E00C3A800 /* Cocoa.framework */; };
		4AD41A5E1378023E00C3A800 /* InfoPlist.strings in Resources */ = {isa = PBXBuildFile; fileRef = 4AD41A5C1378023E00C3A800 /* InfoPlist.strings */; };
		4AD41A611378023E00C3A800 /* main.m in Sources */ = {isa = PBXBuildFile; fileRef = 4AD41A601378023E00C3A800 /* main.m */; };
		4AD41A641378023E00C3A800 /* Credits.rtf in Resources */ = {isa = PBXBuildFile; fileRef = 4AD41A621378023E00C3A800 /* Credits.rtf */; };
		4AD41A671378023E00C3A800 /* LoadablesAppDelegate.m in Sources */ = {isa = PBXBuildFile; fileRef = 4AD41A661378023E00C3A800 /* LoadablesAppDelegate.m */; };
		4AD41A6A1378023E00C3A800 /* MainMenu.xib in Resources */ = {isa = PBXBuildFile; fileRef = 4AD41A681378023E00C3A800 /* MainMenu.xib */; };
		4AD41A871378041600C3A800 /* info.pdf in Resources */ = {isa = PBXBuildFile; fileRef = 4AD41A831378041600C3A800 /* info.pdf */; };
		4AD41A881378041600C3A800 /* refresh.pdf in Resources */ = {isa = PBXBuildFile; fileRef = 4AD41A841378041600C3A800 /* refresh.pdf */; };
		4AD41AF31378060B00C3A800 /* Security.framework in Frameworks */ = {isa = PBXBuildFile; fileRef = 4AD41AF21378060B00C3A800 /* Security.framework */; };
		4AD41AF51378064500C3A800 /* IOKit.framework in Frameworks */ = {isa = PBXBuildFile; fileRef = 4AD41AF41378064500C3A800 /* IOKit.framework */; };
		4AD41B1313781F5500C3A800 /* ToolBar.m in Sources */ = {isa = PBXBuildFile; fileRef = 4AD41B1213781F5500C3A800 /* ToolBar.m */; };
		F54893912B4DFC44004905D9 /* VASandboxFileAccess.m in Sources */ = {isa = PBXBuildFile; fileRef = F548938D2B4DFC44004905D9 /* VASandboxFileAccess.m */; };
		F5E544262B4E9FE000B493FD /* actionshelp.pdf in Resources */ = {isa = PBXBuildFile; fileRef = F5E544252B4E9FE000B493FD /* actionshelp.pdf */; };
		F5E544282B4EA39E00B493FD /* Assets.xcassets in Resources */ = {isa = PBXBuildFile; fileRef = F5E544272B4EA39E00B493FD /* Assets.xcassets */; };
		F5E5442E2B4EC2DE00B493FD /* 14.2_other.plist in Resources */ = {isa = PBXBuildFile; fileRef = F5E5442C2B4EC2DE00B493FD /* 14.2_other.plist */; };
		F5E5442F2B4EC2DE00B493FD /* 14.2_launchd.plist in Resources */ = {isa = PBXBuildFile; fileRef = F5E5442D2B4EC2DE00B493FD /* 14.2_launchd.plist */; };
/* End PBXBuildFile section */

/* Begin PBXFileReference section */
		4A00CDA91380407600B9E407 /* BSDProcessList.c */ = {isa = PBXFileReference; fileEncoding = 4; lastKnownFileType = sourcecode.c.c; path = BSDProcessList.c; sourceTree = "<group>"; };
		4A00CDAA1380407600B9E407 /* BSDProcessList.h */ = {isa = PBXFileReference; fileEncoding = 4; lastKnownFileType = sourcecode.c.h; path = BSDProcessList.h; sourceTree = "<group>"; };
		4A496FF313D8B585001D7B29 /* Loadables.entitlements */ = {isa = PBXFileReference; lastKnownFileType = text.xml; path = Loadables.entitlements; sourceTree = "<group>"; };
		4A61DFDC138202910034676D /* AuthorizationPlugins.h */ = {isa = PBXFileReference; fileEncoding = 4; lastKnownFileType = sourcecode.c.h; path = AuthorizationPlugins.h; sourceTree = "<group>"; };
		4A61DFDD138202910034676D /* AuthorizationPlugins.m */ = {isa = PBXFileReference; fileEncoding = 4; lastKnownFileType = sourcecode.c.objc; path = AuthorizationPlugins.m; sourceTree = "<group>"; };
		4A6AA56E13836AA700953A83 /* CoreServices.framework */ = {isa = PBXFileReference; lastKnownFileType = wrapper.framework; name = CoreServices.framework; path = ../../../../../../System/Library/Frameworks/CoreServices.framework; sourceTree = "<group>"; };
		4A7E3BAC13A3D6520048090B /* VATableView.h */ = {isa = PBXFileReference; fileEncoding = 4; lastKnownFileType = sourcecode.c.h; path = VATableView.h; sourceTree = "<group>"; };
		4A7E3BAD13A3D6520048090B /* VATableView.m */ = {isa = PBXFileReference; fileEncoding = 4; lastKnownFileType = sourcecode.c.objc; path = VATableView.m; sourceTree = "<group>"; };
		4A8BC5AB13852537005E60BB /* mach.plist */ = {isa = PBXFileReference; fileEncoding = 4; lastKnownFileType = text.plist.xml; path = mach.plist; sourceTree = "<group>"; };
		4AC69B3F138777D80078C350 /* DetailsDataSource.h */ = {isa = PBXFileReference; fileEncoding = 4; lastKnownFileType = sourcecode.c.h; path = DetailsDataSource.h; sourceTree = "<group>"; };
		4AC69B40138777D80078C350 /* DetailsDataSource.m */ = {isa = PBXFileReference; fileEncoding = 4; lastKnownFileType = sourcecode.c.objc; path = DetailsDataSource.m; sourceTree = "<group>"; };
		4AD41A4F1378023E00C3A800 /* Loadables.app */ = {isa = PBXFileReference; explicitFileType = wrapper.application; includeInIndex = 0; path = Loadables.app; sourceTree = BUILT_PRODUCTS_DIR; };
		4AD41A531378023E00C3A800 /* Cocoa.framework */ = {isa = PBXFileReference; lastKnownFileType = wrapper.framework; name = Cocoa.framework; path = System/Library/Frameworks/Cocoa.framework; sourceTree = SDKROOT; };
		4AD41A561378023E00C3A800 /* AppKit.framework */ = {isa = PBXFileReference; lastKnownFileType = wrapper.framework; name = AppKit.framework; path = System/Library/Frameworks/AppKit.framework; sourceTree = SDKROOT; };
		4AD41A571378023E00C3A800 /* CoreData.framework */ = {isa = PBXFileReference; lastKnownFileType = wrapper.framework; name = CoreData.framework; path = System/Library/Frameworks/CoreData.framework; sourceTree = SDKROOT; };
		4AD41A581378023E00C3A800 /* Foundation.framework */ = {isa = PBXFileReference; lastKnownFileType = wrapper.framework; name = Foundation.framework; path = System/Library/Frameworks/Foundation.framework; sourceTree = SDKROOT; };
		4AD41A5B1378023E00C3A800 /* Loadables-Info.plist */ = {isa = PBXFileReference; lastKnownFileType = text.plist.xml; path = "Loadables-Info.plist"; sourceTree = "<group>"; };
		4AD41A5D1378023E00C3A800 /* en */ = {isa = PBXFileReference; lastKnownFileType = text.plist.strings; name = en; path = en.lproj/InfoPlist.strings; sourceTree = "<group>"; };
		4AD41A5F1378023E00C3A800 /* Loadables-Prefix.pch */ = {isa = PBXFileReference; lastKnownFileType = sourcecode.c.h; path = "Loadables-Prefix.pch"; sourceTree = "<group>"; };
		4AD41A601378023E00C3A800 /* main.m */ = {isa = PBXFileReference; lastKnownFileType = sourcecode.c.objc; path = main.m; sourceTree = "<group>"; };
		4AD41A631378023E00C3A800 /* en */ = {isa = PBXFileReference; lastKnownFileType = text.rtf; name = en; path = en.lproj/Credits.rtf; sourceTree = "<group>"; };
		4AD41A651378023E00C3A800 /* LoadablesAppDelegate.h */ = {isa = PBXFileReference; lastKnownFileType = sourcecode.c.h; path = LoadablesAppDelegate.h; sourceTree = "<group>"; };
		4AD41A661378023E00C3A800 /* LoadablesAppDelegate.m */ = {isa = PBXFileReference; fileEncoding = 30; lastKnownFileType = sourcecode.c.objc; path = LoadablesAppDelegate.m; sourceTree = "<group>"; };
		4AD41A691378023E00C3A800 /* en */ = {isa = PBXFileReference; lastKnownFileType = file.xib; name = en; path = en.lproj/MainMenu.xib; sourceTree = "<group>"; };
		4AD41A831378041600C3A800 /* info.pdf */ = {isa = PBXFileReference; lastKnownFileType = image.pdf; path = info.pdf; sourceTree = "<group>"; };
		4AD41A841378041600C3A800 /* refresh.pdf */ = {isa = PBXFileReference; lastKnownFileType = image.pdf; path = refresh.pdf; sourceTree = "<group>"; };
		4AD41AF21378060B00C3A800 /* Security.framework */ = {isa = PBXFileReference; lastKnownFileType = wrapper.framework; name = Security.framework; path = ../../../../../../System/Library/Frameworks/Security.framework; sourceTree = "<group>"; };
		4AD41AF41378064500C3A800 /* IOKit.framework */ = {isa = PBXFileReference; lastKnownFileType = wrapper.framework; name = IOKit.framework; path = ../../../../../../System/Library/Frameworks/IOKit.framework; sourceTree = "<group>"; };
		4AD41B1113781F5500C3A800 /* ToolBar.h */ = {isa = PBXFileReference; fileEncoding = 4; lastKnownFileType = sourcecode.c.h; path = ToolBar.h; sourceTree = "<group>"; };
		4AD41B1213781F5500C3A800 /* ToolBar.m */ = {isa = PBXFileReference; fileEncoding = 4; lastKnownFileType = sourcecode.c.objc; path = ToolBar.m; sourceTree = "<group>"; };
		F548938D2B4DFC44004905D9 /* VASandboxFileAccess.m */ = {isa = PBXFileReference; fileEncoding = 4; lastKnownFileType = sourcecode.c.objc; path = VASandboxFileAccess.m; sourceTree = "<group>"; };
		F548938F2B4DFC44004905D9 /* VASandboxFileAccess.h */ = {isa = PBXFileReference; fileEncoding = 4; lastKnownFileType = sourcecode.c.h; path = VASandboxFileAccess.h; sourceTree = "<group>"; };
		F5E544252B4E9FE000B493FD /* actionshelp.pdf */ = {isa = PBXFileReference; lastKnownFileType = image.pdf; path = actionshelp.pdf; sourceTree = "<group>"; };
		F5E544272B4EA39E00B493FD /* Assets.xcassets */ = {isa = PBXFileReference; lastKnownFileType = folder.assetcatalog; path = Assets.xcassets; sourceTree = "<group>"; };
		F5E5442C2B4EC2DE00B493FD /* 14.2_other.plist */ = {isa = PBXFileReference; fileEncoding = 4; lastKnownFileType = text.plist.xml; path = 14.2_other.plist; sourceTree = "<group>"; };
		F5E5442D2B4EC2DE00B493FD /* 14.2_launchd.plist */ = {isa = PBXFileReference; fileEncoding = 4; lastKnownFileType = text.plist.xml; path = 14.2_launchd.plist; sourceTree = "<group>"; };
/* End PBXFileReference section */

/* Begin PBXFrameworksBuildPhase section */
		4AD41A4C1378023E00C3A800 /* Frameworks */ = {
			isa = PBXFrameworksBuildPhase;
			buildActionMask = 2147483647;
			files = (
				4AD41A541378023E00C3A800 /* Cocoa.framework in Frameworks */,
				4AD41AF31378060B00C3A800 /* Security.framework in Frameworks */,
				4AD41AF51378064500C3A800 /* IOKit.framework in Frameworks */,
				4A6AA56F13836AA700953A83 /* CoreServices.framework in Frameworks */,
			);
			runOnlyForDeploymentPostprocessing = 0;
		};
/* End PBXFrameworksBuildPhase section */

/* Begin PBXGroup section */
		4AD41A441378023E00C3A800 = {
			isa = PBXGroup;
			children = (
				4A496FF313D8B585001D7B29 /* Loadables.entitlements */,
				4AD41AE5137804AB00C3A800 /* Linked Classes */,
				4AD41A651378023E00C3A800 /* LoadablesAppDelegate.h */,
				4AD41A661378023E00C3A800 /* LoadablesAppDelegate.m */,
				4AD41B1113781F5500C3A800 /* ToolBar.h */,
				4AD41B1213781F5500C3A800 /* ToolBar.m */,
				4A00CDA91380407600B9E407 /* BSDProcessList.c */,
				4A00CDAA1380407600B9E407 /* BSDProcessList.h */,
				4A61DFDC138202910034676D /* AuthorizationPlugins.h */,
				4A61DFDD138202910034676D /* AuthorizationPlugins.m */,
				4AC69B3F138777D80078C350 /* DetailsDataSource.h */,
				4AC69B40138777D80078C350 /* DetailsDataSource.m */,
				4A7E3BAC13A3D6520048090B /* VATableView.h */,
				4A7E3BAD13A3D6520048090B /* VATableView.m */,
				4AD41A5A1378023E00C3A800 /* Supporting Files */,
				4AD41A521378023E00C3A800 /* Frameworks */,
				4AD41A501378023E00C3A800 /* Products */,
			);
			sourceTree = "<group>";
		};
		4AD41A501378023E00C3A800 /* Products */ = {
			isa = PBXGroup;
			children = (
				4AD41A4F1378023E00C3A800 /* Loadables.app */,
			);
			name = Products;
			sourceTree = "<group>";
		};
		4AD41A521378023E00C3A800 /* Frameworks */ = {
			isa = PBXGroup;
			children = (
				4AD41A531378023E00C3A800 /* Cocoa.framework */,
				4AD41A551378023E00C3A800 /* Other Frameworks */,
			);
			name = Frameworks;
			sourceTree = "<group>";
		};
		4AD41A551378023E00C3A800 /* Other Frameworks */ = {
			isa = PBXGroup;
			children = (
				4A6AA56E13836AA700953A83 /* CoreServices.framework */,
				4AD41AF41378064500C3A800 /* IOKit.framework */,
				4AD41AF21378060B00C3A800 /* Security.framework */,
				4AD41A561378023E00C3A800 /* AppKit.framework */,
				4AD41A571378023E00C3A800 /* CoreData.framework */,
				4AD41A581378023E00C3A800 /* Foundation.framework */,
			);
			name = "Other Frameworks";
			sourceTree = "<group>";
		};
		4AD41A5A1378023E00C3A800 /* Supporting Files */ = {
			isa = PBXGroup;
			children = (
				4A8BC5AB13852537005E60BB /* mach.plist */,
				F5E5442C2B4EC2DE00B493FD /* 14.2_other.plist */,
				F5E5442D2B4EC2DE00B493FD /* 14.2_launchd.plist */,
				F5E544252B4E9FE000B493FD /* actionshelp.pdf */,
				F5E544272B4EA39E00B493FD /* Assets.xcassets */,
				4AD41A831378041600C3A800 /* info.pdf */,
				4AD41A841378041600C3A800 /* refresh.pdf */,
				4AD41A681378023E00C3A800 /* MainMenu.xib */,
				4AD41A5B1378023E00C3A800 /* Loadables-Info.plist */,
				4AD41A5C1378023E00C3A800 /* InfoPlist.strings */,
				4AD41A5F1378023E00C3A800 /* Loadables-Prefix.pch */,
				4AD41A601378023E00C3A800 /* main.m */,
				4AD41A621378023E00C3A800 /* Credits.rtf */,
			);
			name = "Supporting Files";
			sourceTree = "<group>";
		};
		4AD41AE5137804AB00C3A800 /* Linked Classes */ = {
			isa = PBXGroup;
			children = (
				F548938F2B4DFC44004905D9 /* VASandboxFileAccess.h */,
				F548938D2B4DFC44004905D9 /* VASandboxFileAccess.m */,
			);
			name = "Linked Classes";
			sourceTree = "<group>";
		};
/* End PBXGroup section */

/* Begin PBXNativeTarget section */
		4AD41A4E1378023E00C3A800 /* Loadables */ = {
			isa = PBXNativeTarget;
			buildConfigurationList = 4AD41A6D1378023E00C3A800 /* Build configuration list for PBXNativeTarget "Loadables" */;
			buildPhases = (
				4AD41A4B1378023E00C3A800 /* Sources */,
				4AD41A4C1378023E00C3A800 /* Frameworks */,
				4AD41A4D1378023E00C3A800 /* Resources */,
			);
			buildRules = (
			);
			dependencies = (
			);
			name = Loadables;
			productName = Loadables;
			productReference = 4AD41A4F1378023E00C3A800 /* Loadables.app */;
			productType = "com.apple.product-type.application";
		};
/* End PBXNativeTarget section */

/* Begin PBXProject section */
		4AD41A461378023E00C3A800 /* Project object */ = {
			isa = PBXProject;
			attributes = {
				LastUpgradeCheck = 0430;
				TargetAttributes = {
					4AD41A4E1378023E00C3A800 = {
						DevelopmentTeam = N7N53EAPBD;
					};
				};
			};
			buildConfigurationList = 4AD41A491378023E00C3A800 /* Build configuration list for PBXProject "Loadables" */;
			compatibilityVersion = "Xcode 3.2";
			developmentRegion = English;
			hasScannedForEncodings = 0;
			knownRegions = (
				English,
				en,
			);
			mainGroup = 4AD41A441378023E00C3A800;
			productRefGroup = 4AD41A501378023E00C3A800 /* Products */;
			projectDirPath = "";
			projectRoot = "";
			targets = (
				4AD41A4E1378023E00C3A800 /* Loadables */,
			);
		};
/* End PBXProject section */

/* Begin PBXResourcesBuildPhase section */
		4AD41A4D1378023E00C3A800 /* Resources */ = {
			isa = PBXResourcesBuildPhase;
			buildActionMask = 2147483647;
			files = (
				F5E5442E2B4EC2DE00B493FD /* 14.2_other.plist in Resources */,
				F5E544262B4E9FE000B493FD /* actionshelp.pdf in Resources */,
				4AD41A5E1378023E00C3A800 /* InfoPlist.strings in Resources */,
				4AD41A641378023E00C3A800 /* Credits.rtf in Resources */,
				4AD41A6A1378023E00C3A800 /* MainMenu.xib in Resources */,
				4AD41A871378041600C3A800 /* info.pdf in Resources */,
				F5E544282B4EA39E00B493FD /* Assets.xcassets in Resources */,
				4AD41A881378041600C3A800 /* refresh.pdf in Resources */,
				4A8BC5AF13852537005E60BB /* mach.plist in Resources */,
				F5E5442F2B4EC2DE00B493FD /* 14.2_launchd.plist in Resources */,
			);
			runOnlyForDeploymentPostprocessing = 0;
		};
/* End PBXResourcesBuildPhase section */

/* Begin PBXSourcesBuildPhase section */
		4AD41A4B1378023E00C3A800 /* Sources */ = {
			isa = PBXSourcesBuildPhase;
			buildActionMask = 2147483647;
			files = (
				4AD41A611378023E00C3A800 /* main.m in Sources */,
				4AD41A671378023E00C3A800 /* LoadablesAppDelegate.m in Sources */,
				F54893912B4DFC44004905D9 /* VASandboxFileAccess.m in Sources */,
				4AD41B1313781F5500C3A800 /* ToolBar.m in Sources */,
				4A00CDAB1380407600B9E407 /* BSDProcessList.c in Sources */,
				4A61DFDE138202910034676D /* AuthorizationPlugins.m in Sources */,
				4AC69B41138777D80078C350 /* DetailsDataSource.m in Sources */,
				4A7E3BAE13A3D6520048090B /* VATableView.m in Sources */,
			);
			runOnlyForDeploymentPostprocessing = 0;
		};
/* End PBXSourcesBuildPhase section */

/* Begin PBXVariantGroup section */
		4AD41A5C1378023E00C3A800 /* InfoPlist.strings */ = {
			isa = PBXVariantGroup;
			children = (
				4AD41A5D1378023E00C3A800 /* en */,
			);
			name = InfoPlist.strings;
			sourceTree = "<group>";
		};
		4AD41A621378023E00C3A800 /* Credits.rtf */ = {
			isa = PBXVariantGroup;
			children = (
				4AD41A631378023E00C3A800 /* en */,
			);
			name = Credits.rtf;
			sourceTree = "<group>";
		};
		4AD41A681378023E00C3A800 /* MainMenu.xib */ = {
			isa = PBXVariantGroup;
			children = (
				4AD41A691378023E00C3A800 /* en */,
			);
			name = MainMenu.xib;
			sourceTree = "<group>";
		};
/* End PBXVariantGroup section */

/* Begin XCBuildConfiguration section */
		4AD41A6B1378023E00C3A800 /* Debug */ = {
			isa = XCBuildConfiguration;
			buildSettings = {
				ARCHS = "$(ARCHS_STANDARD_32_64_BIT)";
				CODE_SIGN_IDENTITY = "3rd Party Mac Developer Application";
				GCC_C_LANGUAGE_STANDARD = gnu99;
				GCC_OPTIMIZATION_LEVEL = 0;
				GCC_PREPROCESSOR_DEFINITIONS = DEBUG;
				GCC_SYMBOLS_PRIVATE_EXTERN = NO;
				GCC_VERSION = com.apple.compilers.llvm.clang.1_0;
				GCC_WARN_64_TO_32_BIT_CONVERSION = YES;
				GCC_WARN_ABOUT_RETURN_TYPE = YES;
				GCC_WARN_UNUSED_VARIABLE = YES;
				MACOSX_DEPLOYMENT_TARGET = 10.6;
				ONLY_ACTIVE_ARCH = YES;
				OTHER_CODE_SIGN_FLAGS = "-o kill";
				PROVISIONING_PROFILE = "";
				SDKROOT = macosx;
			};
			name = Debug;
		};
		4AD41A6C1378023E00C3A800 /* Release */ = {
			isa = XCBuildConfiguration;
			buildSettings = {
				ARCHS = "$(ARCHS_STANDARD_32_64_BIT)";
				CODE_SIGN_IDENTITY = "3rd Party Mac Developer Application";
				GCC_C_LANGUAGE_STANDARD = gnu99;
				GCC_VERSION = com.apple.compilers.llvm.clang.1_0;
				GCC_WARN_64_TO_32_BIT_CONVERSION = YES;
				GCC_WARN_ABOUT_RETURN_TYPE = YES;
				GCC_WARN_UNUSED_VARIABLE = YES;
				MACOSX_DEPLOYMENT_TARGET = 10.6;
				OTHER_CODE_SIGN_FLAGS = "-o kill";
				PROVISIONING_PROFILE = "";
				SDKROOT = macosx;
			};
			name = Release;
		};
		4AD41A6E1378023E00C3A800 /* Debug */ = {
			isa = XCBuildConfiguration;
			buildSettings = {
				ALWAYS_SEARCH_USER_PATHS = NO;
				ARCHS = "$(ARCHS_STANDARD)";
				ASSETCATALOG_COMPILER_APPICON_NAME = AppIcon;
				ASSETCATALOG_COMPILER_INCLUDE_ALL_APPICON_ASSETS = NO;
				CODE_SIGN_ENTITLEMENTS = Loadables.entitlements;
				CODE_SIGN_IDENTITY = "Mac Developer";
				"CODE_SIGN_IDENTITY[sdk=macosx*]" = "Apple Development";
				COPY_PHASE_STRIP = NO;
				CURRENT_PROJECT_VERSION = 151;
				DEVELOPMENT_TEAM = N7N53EAPBD;
				GCC_DYNAMIC_NO_PIC = NO;
				GCC_ENABLE_OBJC_EXCEPTIONS = YES;
				GCC_PRECOMPILE_PREFIX_HEADER = YES;
				GCC_PREFIX_HEADER = "Loadables-Prefix.pch";
				GCC_VERSION = com.apple.compilers.llvm.clang.1_0;
				INFOPLIST_FILE = "Loadables-Info.plist";
				INFOPLIST_KEY_CFBundleDisplayName = Loadables;
				INFOPLIST_KEY_LSApplicationCategoryType = "public.app-category.utilities";
				MACOSX_DEPLOYMENT_TARGET = 11.0;
				MARKETING_VERSION = 1.5;
				PRODUCT_NAME = "$(TARGET_NAME)";
				PROVISIONING_PROFILE = "";
				WRAPPER_EXTENSION = app;
			};
			name = Debug;
		};
		4AD41A6F1378023E00C3A800 /* Release */ = {
			isa = XCBuildConfiguration;
			buildSettings = {
				ALWAYS_SEARCH_USER_PATHS = NO;
				ARCHS = "$(ARCHS_STANDARD)";
				ASSETCATALOG_COMPILER_APPICON_NAME = AppIcon;
				ASSETCATALOG_COMPILER_INCLUDE_ALL_APPICON_ASSETS = NO;
				CODE_SIGN_ENTITLEMENTS = Loadables.entitlements;
				CODE_SIGN_IDENTITY = "3rd Party Mac Developer Application";
				"CODE_SIGN_IDENTITY[sdk=macosx*]" = "Apple Development";
				COPY_PHASE_STRIP = YES;
				CURRENT_PROJECT_VERSION = 151;
				DEBUG_INFORMATION_FORMAT = "dwarf-with-dsym";
				DEVELOPMENT_TEAM = N7N53EAPBD;
				GCC_ENABLE_OBJC_EXCEPTIONS = YES;
				GCC_PRECOMPILE_PREFIX_HEADER = YES;
				GCC_PREFIX_HEADER = "Loadables-Prefix.pch";
				GCC_VERSION = com.apple.compilers.llvm.clang.1_0;
				INFOPLIST_FILE = "Loadables-Info.plist";
				INFOPLIST_KEY_CFBundleDisplayName = Loadables;
				INFOPLIST_KEY_LSApplicationCategoryType = "public.app-category.utilities";
				MACOSX_DEPLOYMENT_TARGET = 11.0;
				MARKETING_VERSION = 1.5;
				PRODUCT_NAME = "$(TARGET_NAME)";
				PROVISIONING_PROFILE = "";
				WRAPPER_EXTENSION = app;
			};
			name = Release;
		};
/* End XCBuildConfiguration section */

/* Begin XCConfigurationList section */
		4AD41A491378023E00C3A800 /* Build configuration list for PBXProject "Loadables" */ = {
			isa = XCConfigurationList;
			buildConfigurations = (
				4AD41A6B1378023E00C3A800 /* Debug */,
				4AD41A6C1378023E00C3A800 /* Release */,
			);
			defaultConfigurationIsVisible = 0;
			defaultConfigurationName = Release;
		};
		4AD41A6D1378023E00C3A800 /* Build configuration list for PBXNativeTarget "Loadables" */ = {
			isa = XCConfigurationList;
			buildConfigurations = (
				4AD41A6E1378023E00C3A800 /* Debug */,
				4AD41A6F1378023E00C3A800 /* Release */,
			);
			defaultConfigurationIsVisible = 0;
			defaultConfigurationName = Release;
		};
/* End XCConfigurationList section */
	};
	rootObject = 4AD41A461378023E00C3A800 /* Project object */;
}
